
Microsoft Visual Studio Solution File, Format Version 12.00
# Visual Studio 15
Project("{FAE04EC0-301F-11D3-BF4B-00C04F79EFBC}") = "XFSkeleton.Android", "XFSkeleton.Android\XFSkeleton.Android.csproj", "{5E4B273D-7AA1-4B7F-80F4-61C1CC948B0E}"
EndProject
Project("{FAE04EC0-301F-11D3-BF4B-00C04F79EFBC}") = "XFSkeleton.iOS", "XFSkeleton.iOS\XFSkeleton.iOS.csproj", "{38AA47E5-A536-4463-ACC5-A33EF83573B4}"
EndProject
Project("{FAE04EC0-301F-11D3-BF4B-00C04F79EFBC}") = "XFSkeleton", "XFSkeleton\XFSkeleton.csproj", "{C6184B2B-D07A-4B3C-8ADC-B5DF7FCB0382}"
EndProject
Project("{FAE04EC0-301F-11D3-BF4B-00C04F79EFBC}") = "XFSkeleton.Mac", "XFSkeleton.Mac\XFSkeleton.Mac.csproj", "{7ACC1047-6690-424B-82D6-508B56A2D85F}"
EndProject
Global
	GlobalSection(SolutionConfigurationPlatforms) = preSolution
		Debug|Any CPU = Debug|Any CPU
		Release|Any CPU = Release|Any CPU
		Debug|iPhoneSimulator = Debug|iPhoneSimulator
		Release|iPhoneSimulator = Release|iPhoneSimulator
		Debug|iPhone = Debug|iPhone
		Release|iPhone = Release|iPhone
	EndGlobalSection
	GlobalSection(ProjectConfigurationPlatforms) = postSolution
		{5E4B273D-7AA1-4B7F-80F4-61C1CC948B0E}.Debug|Any CPU.ActiveCfg = Debug|Any CPU
		{5E4B273D-7AA1-4B7F-80F4-61C1CC948B0E}.Debug|Any CPU.Build.0 = Debug|Any CPU
		{5E4B273D-7AA1-4B7F-80F4-61C1CC948B0E}.Release|Any CPU.ActiveCfg = Release|Any CPU
		{5E4B273D-7AA1-4B7F-80F4-61C1CC948B0E}.Release|Any CPU.Build.0 = Release|Any CPU
		{5E4B273D-7AA1-4B7F-80F4-61C1CC948B0E}.Debug|iPhoneSimulator.ActiveCfg = Debug|Any CPU
		{5E4B273D-7AA1-4B7F-80F4-61C1CC948B0E}.Debug|iPhoneSimulator.Build.0 = Debug|Any CPU
		{5E4B273D-7AA1-4B7F-80F4-61C1CC948B0E}.Release|iPhoneSimulator.ActiveCfg = Release|Any CPU
		{5E4B273D-7AA1-4B7F-80F4-61C1CC948B0E}.Release|iPhoneSimulator.Build.0 = Release|Any CPU
		{5E4B273D-7AA1-4B7F-80F4-61C1CC948B0E}.Debug|iPhone.ActiveCfg = Debug|Any CPU
		{5E4B273D-7AA1-4B7F-80F4-61C1CC948B0E}.Debug|iPhone.Build.0 = Debug|Any CPU
		{5E4B273D-7AA1-4B7F-80F4-61C1CC948B0E}.Release|iPhone.ActiveCfg = Release|Any CPU
		{5E4B273D-7AA1-4B7F-80F4-61C1CC948B0E}.Release|iPhone.Build.0 = Release|Any CPU
		{38AA47E5-A536-4463-ACC5-A33EF83573B4}.Debug|Any CPU.ActiveCfg = Debug|iPhoneSimulator
		{38AA47E5-A536-4463-ACC5-A33EF83573B4}.Debug|Any CPU.Build.0 = Debug|iPhoneSimulator
		{38AA47E5-A536-4463-ACC5-A33EF83573B4}.Release|Any CPU.ActiveCfg = Release|iPhoneSimulator
		{38AA47E5-A536-4463-ACC5-A33EF83573B4}.Release|Any CPU.Build.0 = Release|iPhoneSimulator
		{38AA47E5-A536-4463-ACC5-A33EF83573B4}.Debug|iPhoneSimulator.ActiveCfg = Debug|iPhoneSimulator
		{38AA47E5-A536-4463-ACC5-A33EF83573B4}.Debug|iPhoneSimulator.Build.0 = Debug|iPhoneSimulator
		{38AA47E5-A536-4463-ACC5-A33EF83573B4}.Release|iPhoneSimulator.ActiveCfg = Release|iPhoneSimulator
		{38AA47E5-A536-4463-ACC5-A33EF83573B4}.Release|iPhoneSimulator.Build.0 = Release|iPhoneSimulator
		{38AA47E5-A536-4463-ACC5-A33EF83573B4}.Debug|iPhone.ActiveCfg = Debug|iPhone
		{38AA47E5-A536-4463-ACC5-A33EF83573B4}.Debug|iPhone.Build.0 = Debug|iPhone
		{38AA47E5-A536-4463-ACC5-A33EF83573B4}.Release|iPhone.ActiveCfg = Release|iPhone
		{38AA47E5-A536-4463-ACC5-A33EF83573B4}.Release|iPhone.Build.0 = Release|iPhone
		{C6184B2B-D07A-4B3C-8ADC-B5DF7FCB0382}.Debug|Any CPU.ActiveCfg = Debug|Any CPU
		{C6184B2B-D07A-4B3C-8ADC-B5DF7FCB0382}.Debug|Any CPU.Build.0 = Debug|Any CPU
		{C6184B2B-D07A-4B3C-8ADC-B5DF7FCB0382}.Release|Any CPU.ActiveCfg = Release|Any CPU
		{C6184B2B-D07A-4B3C-8ADC-B5DF7FCB0382}.Release|Any CPU.Build.0 = Release|Any CPU
		{C6184B2B-D07A-4B3C-8ADC-B5DF7FCB0382}.Debug|iPhoneSimulator.ActiveCfg = Debug|Any CPU
		{C6184B2B-D07A-4B3C-8ADC-B5DF7FCB0382}.Debug|iPhoneSimulator.Build.0 = Debug|Any CPU
		{C6184B2B-D07A-4B3C-8ADC-B5DF7FCB0382}.Release|iPhoneSimulator.ActiveCfg = Release|Any CPU
		{C6184B2B-D07A-4B3C-8ADC-B5DF7FCB0382}.Release|iPhoneSimulator.Build.0 = Release|Any CPU
		{C6184B2B-D07A-4B3C-8ADC-B5DF7FCB0382}.Debug|iPhone.ActiveCfg = Debug|Any CPU
		{C6184B2B-D07A-4B3C-8ADC-B5DF7FCB0382}.Debug|iPhone.Build.0 = Debug|Any CPU
		{C6184B2B-D07A-4B3C-8ADC-B5DF7FCB0382}.Release|iPhone.ActiveCfg = Release|Any CPU
		{C6184B2B-D07A-4B3C-8ADC-B5DF7FCB0382}.Release|iPhone.Build.0 = Release|Any CPU
		{7ACC1047-6690-424B-82D6-508B56A2D85F}.Debug|Any CPU.ActiveCfg = Debug|Any CPU
		{7ACC1047-6690-424B-82D6-508B56A2D85F}.Debug|Any CPU.Build.0 = Debug|Any CPU
		{7ACC1047-6690-424B-82D6-508B56A2D85F}.Release|Any CPU.ActiveCfg = Release|Any CPU
		{7ACC1047-6690-424B-82D6-508B56A2D85F}.Release|Any CPU.Build.0 = Release|Any CPU
		{7ACC1047-6690-424B-82D6-508B56A2D85F}.Debug|iPhoneSimulator.ActiveCfg = Debug|Any CPU
		{7ACC1047-6690-424B-82D6-508B56A2D85F}.Debug|iPhoneSimulator.Build.0 = Debug|Any CPU
		{7ACC1047-6690-424B-82D6-508B56A2D85F}.Release|iPhoneSimulator.ActiveCfg = Release|Any CPU
		{7ACC1047-6690-424B-82D6-508B56A2D85F}.Release|iPhoneSimulator.Build.0 = Release|Any CPU
		{7ACC1047-6690-424B-82D6-508B56A2D85F}.Debug|iPhone.ActiveCfg = Debug|Any CPU
		{7ACC1047-6690-424B-82D6-508B56A2D85F}.Debug|iPhone.Build.0 = Debug|Any CPU
		{7ACC1047-6690-424B-82D6-508B56A2D85F}.Release|iPhone.ActiveCfg = Release|Any CPU
		{7ACC1047-6690-424B-82D6-508B56A2D85F}.Release|iPhone.Build.0 = Release|Any CPU
	EndGlobalSection
EndGlobal
